// !$*UTF8*$!
{
	archiveVersion = 1;
	classes = {
	};
	objectVersion = 51;
	objects = {

/* Begin PBXBuildFile section */
		4F9A58222631F2D2008BC647 /* index.html in Resources */ = {isa = PBXBuildFile; fileRef = 4F9A58212631F2D2008BC647 /* index.html */; };
		4F9A58232631F2D2008BC647 /* index.html in Resources */ = {isa = PBXBuildFile; fileRef = 4F9A58212631F2D2008BC647 /* index.html */; };
		4F9A58242631F2D2008BC647 /* index.html in Resources */ = {isa = PBXBuildFile; fileRef = 4F9A58212631F2D2008BC647 /* index.html */; };
		4F9B9E952630CA7D0083DE7B /* WebViewApp.swift in Sources */ = {isa = PBXBuildFile; fileRef = 4F9B9E942630CA7D0083DE7B /* WebViewApp.swift */; };
		4F9B9E972630CA7D0083DE7B /* ContentView.swift in Sources */ = {isa = PBXBuildFile; fileRef = 4F9B9E962630CA7D0083DE7B /* ContentView.swift */; };
		4F9B9E992630CA7F0083DE7B /* Assets.xcassets in Resources */ = {isa = PBXBuildFile; fileRef = 4F9B9E982630CA7F0083DE7B /* Assets.xcassets */; };
		4F9B9E9C2630CA7F0083DE7B /* Preview Assets.xcassets in Resources */ = {isa = PBXBuildFile; fileRef = 4F9B9E9B2630CA7F0083DE7B /* Preview Assets.xcassets */; };
		4F9B9EA72630CA7F0083DE7B /* WebViewTests.swift in Sources */ = {isa = PBXBuildFile; fileRef = 4F9B9EA62630CA7F0083DE7B /* WebViewTests.swift */; };
		4F9B9EB22630CA7F0083DE7B /* WebViewUITests.swift in Sources */ = {isa = PBXBuildFile; fileRef = 4F9B9EB12630CA7F0083DE7B /* WebViewUITests.swift */; };
		9FB3809CAC01CDEBD6A109FB /* Pods_WebView.framework in Frameworks */ = {isa = PBXBuildFile; fileRef = 1721B0CB8173F72E239C113A /* Pods_WebView.framework */; };
		ADB93E9E1F9577B6CB57B83C /* Pods_WebViewTests.framework in Frameworks */ = {isa = PBXBuildFile; fileRef = B226CB5DE39FDAEEF4C23B58 /* Pods_WebViewTests.framework */; };
		E781974A7239616288AF0851 /* Pods_WebView_WebViewUITests.framework in Frameworks */ = {isa = PBXBuildFile; fileRef = 3E6738D0E4107345E7CCAEB4 /* Pods_WebView_WebViewUITests.framework */; };
/* End PBXBuildFile section */

/* Begin PBXContainerItemProxy section */
		4F9B9EA32630CA7F0083DE7B /* PBXContainerItemProxy */ = {
			isa = PBXContainerItemProxy;
			containerPortal = 4F9B9E892630CA7D0083DE7B /* Project object */;
			proxyType = 1;
			remoteGlobalIDString = 4F9B9E902630CA7D0083DE7B;
			remoteInfo = WebView;
		};
		4F9B9EAE2630CA7F0083DE7B /* PBXContainerItemProxy */ = {
			isa = PBXContainerItemProxy;
			containerPortal = 4F9B9E892630CA7D0083DE7B /* Project object */;
			proxyType = 1;
			remoteGlobalIDString = 4F9B9E902630CA7D0083DE7B;
			remoteInfo = WebView;
		};
/* End PBXContainerItemProxy section */

/* Begin PBXFileReference section */
		09207ADA50E7C03CD7B7B59E /* Pods-WebView-WebViewUITests.release.xcconfig */ = {isa = PBXFileReference; includeInIndex = 1; lastKnownFileType = text.xcconfig; name = "Pods-WebView-WebViewUITests.release.xcconfig"; path = "Target Support Files/Pods-WebView-WebViewUITests/Pods-WebView-WebViewUITests.release.xcconfig"; sourceTree = "<group>"; };
		1721B0CB8173F72E239C113A /* Pods_WebView.framework */ = {isa = PBXFileReference; explicitFileType = wrapper.framework; includeInIndex = 0; path = Pods_WebView.framework; sourceTree = BUILT_PRODUCTS_DIR; };
		3E6738D0E4107345E7CCAEB4 /* Pods_WebView_WebViewUITests.framework */ = {isa = PBXFileReference; explicitFileType = wrapper.framework; includeInIndex = 0; path = Pods_WebView_WebViewUITests.framework; sourceTree = BUILT_PRODUCTS_DIR; };
		48F55F8F94E4735CF4D48BDF /* Pods-WebView-WebViewUITests.debug.xcconfig */ = {isa = PBXFileReference; includeInIndex = 1; lastKnownFileType = text.xcconfig; name = "Pods-WebView-WebViewUITests.debug.xcconfig"; path = "Target Support Files/Pods-WebView-WebViewUITests/Pods-WebView-WebViewUITests.debug.xcconfig"; sourceTree = "<group>"; };
		4F9A58212631F2D2008BC647 /* index.html */ = {isa = PBXFileReference; fileEncoding = 4; lastKnownFileType = text.html; name = index.html; path = ../index.html; sourceTree = "<group>"; };
		4F9B9E912630CA7D0083DE7B /* WebView.app */ = {isa = PBXFileReference; explicitFileType = wrapper.application; includeInIndex = 0; path = WebView.app; sourceTree = BUILT_PRODUCTS_DIR; };
		4F9B9E942630CA7D0083DE7B /* WebViewApp.swift */ = {isa = PBXFileReference; lastKnownFileType = sourcecode.swift; path = WebViewApp.swift; sourceTree = "<group>"; };
		4F9B9E962630CA7D0083DE7B /* ContentView.swift */ = {isa = PBXFileReference; lastKnownFileType = sourcecode.swift; path = ContentView.swift; sourceTree = "<group>"; };
		4F9B9E982630CA7F0083DE7B /* Assets.xcassets */ = {isa = PBXFileReference; lastKnownFileType = folder.assetcatalog; path = Assets.xcassets; sourceTree = "<group>"; };
		4F9B9E9B2630CA7F0083DE7B /* Preview Assets.xcassets */ = {isa = PBXFileReference; lastKnownFileType = folder.assetcatalog; path = "Preview Assets.xcassets"; sourceTree = "<group>"; };
		4F9B9E9D2630CA7F0083DE7B /* Info.plist */ = {isa = PBXFileReference; lastKnownFileType = text.plist.xml; path = Info.plist; sourceTree = "<group>"; };
		4F9B9EA22630CA7F0083DE7B /* WebViewTests.xctest */ = {isa = PBXFileReference; explicitFileType = wrapper.cfbundle; includeInIndex = 0; path = WebViewTests.xctest; sourceTree = BUILT_PRODUCTS_DIR; };
		4F9B9EA62630CA7F0083DE7B /* WebViewTests.swift */ = {isa = PBXFileReference; lastKnownFileType = sourcecode.swift; path = WebViewTests.swift; sourceTree = "<group>"; };
		4F9B9EA82630CA7F0083DE7B /* Info.plist */ = {isa = PBXFileReference; lastKnownFileType = text.plist.xml; path = Info.plist; sourceTree = "<group>"; };
		4F9B9EAD2630CA7F0083DE7B /* WebViewUITests.xctest */ = {isa = PBXFileReference; explicitFileType = wrapper.cfbundle; includeInIndex = 0; path = WebViewUITests.xctest; sourceTree = BUILT_PRODUCTS_DIR; };
		4F9B9EB12630CA7F0083DE7B /* WebViewUITests.swift */ = {isa = PBXFileReference; lastKnownFileType = sourcecode.swift; path = WebViewUITests.swift; sourceTree = "<group>"; };
		4F9B9EB32630CA7F0083DE7B /* Info.plist */ = {isa = PBXFileReference; lastKnownFileType = text.plist.xml; path = Info.plist; sourceTree = "<group>"; };
		96C6B72395DAFAB0F2BF44C1 /* Pods-WebView.debug.xcconfig */ = {isa = PBXFileReference; includeInIndex = 1; lastKnownFileType = text.xcconfig; name = "Pods-WebView.debug.xcconfig"; path = "Target Support Files/Pods-WebView/Pods-WebView.debug.xcconfig"; sourceTree = "<group>"; };
		A11FB66A74406DF0CBBA085F /* Pods-WebView.release.xcconfig */ = {isa = PBXFileReference; includeInIndex = 1; lastKnownFileType = text.xcconfig; name = "Pods-WebView.release.xcconfig"; path = "Target Support Files/Pods-WebView/Pods-WebView.release.xcconfig"; sourceTree = "<group>"; };
		B226CB5DE39FDAEEF4C23B58 /* Pods_WebViewTests.framework */ = {isa = PBXFileReference; explicitFileType = wrapper.framework; includeInIndex = 0; path = Pods_WebViewTests.framework; sourceTree = BUILT_PRODUCTS_DIR; };
		D148FB1D145DD325A8617E53 /* Pods-WebViewTests.release.xcconfig */ = {isa = PBXFileReference; includeInIndex = 1; lastKnownFileType = text.xcconfig; name = "Pods-WebViewTests.release.xcconfig"; path = "Target Support Files/Pods-WebViewTests/Pods-WebViewTests.release.xcconfig"; sourceTree = "<group>"; };
		FEB1E64F7CE7B075C2083881 /* Pods-WebViewTests.debug.xcconfig */ = {isa = PBXFileReference; includeInIndex = 1; lastKnownFileType = text.xcconfig; name = "Pods-WebViewTests.debug.xcconfig"; path = "Target Support Files/Pods-WebViewTests/Pods-WebViewTests.debug.xcconfig"; sourceTree = "<group>"; };
/* End PBXFileReference section */

/* Begin PBXFrameworksBuildPhase section */
		4F9B9E8E2630CA7D0083DE7B /* Frameworks */ = {
			isa = PBXFrameworksBuildPhase;
			buildActionMask = 2147483647;
			files = (
				9FB3809CAC01CDEBD6A109FB /* Pods_WebView.framework in Frameworks */,
			);
			runOnlyForDeploymentPostprocessing = 0;
		};
		4F9B9E9F2630CA7F0083DE7B /* Frameworks */ = {
			isa = PBXFrameworksBuildPhase;
			buildActionMask = 2147483647;
			files = (
				ADB93E9E1F9577B6CB57B83C /* Pods_WebViewTests.framework in Frameworks */,
			);
			runOnlyForDeploymentPostprocessing = 0;
		};
		4F9B9EAA2630CA7F0083DE7B /* Frameworks */ = {
			isa = PBXFrameworksBuildPhase;
			buildActionMask = 2147483647;
			files = (
				E781974A7239616288AF0851 /* Pods_WebView_WebViewUITests.framework in Frameworks */,
			);
			runOnlyForDeploymentPostprocessing = 0;
		};
/* End PBXFrameworksBuildPhase section */

/* Begin PBXGroup section */
		25493C11874FC3D5932C80B6 /* Frameworks */ = {
			isa = PBXGroup;
			children = (
				1721B0CB8173F72E239C113A /* Pods_WebView.framework */,
				3E6738D0E4107345E7CCAEB4 /* Pods_WebView_WebViewUITests.framework */,
				B226CB5DE39FDAEEF4C23B58 /* Pods_WebViewTests.framework */,
			);
			name = Frameworks;
			sourceTree = "<group>";
		};
		4F9B9E882630CA7D0083DE7B = {
			isa = PBXGroup;
			children = (
				4F9A58212631F2D2008BC647 /* index.html */,
				4F9B9E932630CA7D0083DE7B /* WebView */,
				4F9B9EA52630CA7F0083DE7B /* WebViewTests */,
				4F9B9EB02630CA7F0083DE7B /* WebViewUITests */,
				4F9B9E922630CA7D0083DE7B /* Products */,
				E51C258861A9FA57FDBE4468 /* Pods */,
				25493C11874FC3D5932C80B6 /* Frameworks */,
			);
			sourceTree = "<group>";
		};
		4F9B9E922630CA7D0083DE7B /* Products */ = {
			isa = PBXGroup;
			children = (
				4F9B9E912630CA7D0083DE7B /* WebView.app */,
				4F9B9EA22630CA7F0083DE7B /* WebViewTests.xctest */,
				4F9B9EAD2630CA7F0083DE7B /* WebViewUITests.xctest */,
			);
			name = Products;
			sourceTree = "<group>";
		};
		4F9B9E932630CA7D0083DE7B /* WebView */ = {
			isa = PBXGroup;
			children = (
				4F9B9E942630CA7D0083DE7B /* WebViewApp.swift */,
				4F9B9E962630CA7D0083DE7B /* ContentView.swift */,
				4F9B9E982630CA7F0083DE7B /* Assets.xcassets */,
				4F9B9E9D2630CA7F0083DE7B /* Info.plist */,
				4F9B9E9A2630CA7F0083DE7B /* Preview Content */,
			);
			path = WebView;
			sourceTree = "<group>";
		};
		4F9B9E9A2630CA7F0083DE7B /* Preview Content */ = {
			isa = PBXGroup;
			children = (
				4F9B9E9B2630CA7F0083DE7B /* Preview Assets.xcassets */,
			);
			path = "Preview Content";
			sourceTree = "<group>";
		};
		4F9B9EA52630CA7F0083DE7B /* WebViewTests */ = {
			isa = PBXGroup;
			children = (
				4F9B9EA62630CA7F0083DE7B /* WebViewTests.swift */,
				4F9B9EA82630CA7F0083DE7B /* Info.plist */,
			);
			path = WebViewTests;
			sourceTree = "<group>";
		};
		4F9B9EB02630CA7F0083DE7B /* WebViewUITests */ = {
			isa = PBXGroup;
			children = (
				4F9B9EB12630CA7F0083DE7B /* WebViewUITests.swift */,
				4F9B9EB32630CA7F0083DE7B /* Info.plist */,
			);
			path = WebViewUITests;
			sourceTree = "<group>";
		};
		E51C258861A9FA57FDBE4468 /* Pods */ = {
			isa = PBXGroup;
			children = (
				96C6B72395DAFAB0F2BF44C1 /* Pods-WebView.debug.xcconfig */,
				A11FB66A74406DF0CBBA085F /* Pods-WebView.release.xcconfig */,
				48F55F8F94E4735CF4D48BDF /* Pods-WebView-WebViewUITests.debug.xcconfig */,
				09207ADA50E7C03CD7B7B59E /* Pods-WebView-WebViewUITests.release.xcconfig */,
				FEB1E64F7CE7B075C2083881 /* Pods-WebViewTests.debug.xcconfig */,
				D148FB1D145DD325A8617E53 /* Pods-WebViewTests.release.xcconfig */,
			);
			path = Pods;
			sourceTree = "<group>";
		};
/* End PBXGroup section */

/* Begin PBXNativeTarget section */
		4F9B9E902630CA7D0083DE7B /* WebView */ = {
			isa = PBXNativeTarget;
			buildConfigurationList = 4F9B9EB62630CA7F0083DE7B /* Build configuration list for PBXNativeTarget "WebView" */;
			buildPhases = (
				86A841C32D766E491D9D7AE7 /* [CP] Check Pods Manifest.lock */,
				4F9B9E8D2630CA7D0083DE7B /* Sources */,
				4F9B9E8E2630CA7D0083DE7B /* Frameworks */,
				4F9B9E8F2630CA7D0083DE7B /* Resources */,
				9BF72F8BB9FB39E719FCA279 /* [CP] Embed Pods Frameworks */,
			);
			buildRules = (
			);
			dependencies = (
			);
			name = WebView;
			productName = WebView;
			productReference = 4F9B9E912630CA7D0083DE7B /* WebView.app */;
			productType = "com.apple.product-type.application";
		};
		4F9B9EA12630CA7F0083DE7B /* WebViewTests */ = {
			isa = PBXNativeTarget;
			buildConfigurationList = 4F9B9EB92630CA7F0083DE7B /* Build configuration list for PBXNativeTarget "WebViewTests" */;
			buildPhases = (
				410B91442C2E8A85B115A97B /* [CP] Check Pods Manifest.lock */,
				4F9B9E9E2630CA7F0083DE7B /* Sources */,
				4F9B9E9F2630CA7F0083DE7B /* Frameworks */,
				4F9B9EA02630CA7F0083DE7B /* Resources */,
			);
			buildRules = (
			);
			dependencies = (
				4F9B9EA42630CA7F0083DE7B /* PBXTargetDependency */,
			);
			name = WebViewTests;
			productName = WebViewTests;
			productReference = 4F9B9EA22630CA7F0083DE7B /* WebViewTests.xctest */;
			productType = "com.apple.product-type.bundle.unit-test";
		};
		4F9B9EAC2630CA7F0083DE7B /* WebViewUITests */ = {
			isa = PBXNativeTarget;
			buildConfigurationList = 4F9B9EBC2630CA7F0083DE7B /* Build configuration list for PBXNativeTarget "WebViewUITests" */;
			buildPhases = (
				F10F92A10191F94E6324A86E /* [CP] Check Pods Manifest.lock */,
				4F9B9EA92630CA7F0083DE7B /* Sources */,
				4F9B9EAA2630CA7F0083DE7B /* Frameworks */,
				4F9B9EAB2630CA7F0083DE7B /* Resources */,
				118A8AF3B4F6855F6D42D2E0 /* [CP] Embed Pods Frameworks */,
			);
			buildRules = (
			);
			dependencies = (
				4F9B9EAF2630CA7F0083DE7B /* PBXTargetDependency */,
			);
			name = WebViewUITests;
			productName = WebViewUITests;
			productReference = 4F9B9EAD2630CA7F0083DE7B /* WebViewUITests.xctest */;
			productType = "com.apple.product-type.bundle.ui-testing";
		};
/* End PBXNativeTarget section */

/* Begin PBXProject section */
		4F9B9E892630CA7D0083DE7B /* Project object */ = {
			isa = PBXProject;
			attributes = {
				LastSwiftUpdateCheck = 1250;
				LastUpgradeCheck = 1250;
				TargetAttributes = {
					4F9B9E902630CA7D0083DE7B = {
						CreatedOnToolsVersion = 12.5;
					};
					4F9B9EA12630CA7F0083DE7B = {
						CreatedOnToolsVersion = 12.5;
						TestTargetID = 4F9B9E902630CA7D0083DE7B;
					};
					4F9B9EAC2630CA7F0083DE7B = {
						CreatedOnToolsVersion = 12.5;
						TestTargetID = 4F9B9E902630CA7D0083DE7B;
					};
				};
			};
			buildConfigurationList = 4F9B9E8C2630CA7D0083DE7B /* Build configuration list for PBXProject "WebView" */;
			compatibilityVersion = "Xcode 9.3";
			developmentRegion = en;
			hasScannedForEncodings = 0;
			knownRegions = (
				en,
				Base,
			);
			mainGroup = 4F9B9E882630CA7D0083DE7B;
			productRefGroup = 4F9B9E922630CA7D0083DE7B /* Products */;
			projectDirPath = "";
			projectRoot = "";
			targets = (
				4F9B9E902630CA7D0083DE7B /* WebView */,
				4F9B9EA12630CA7F0083DE7B /* WebViewTests */,
				4F9B9EAC2630CA7F0083DE7B /* WebViewUITests */,
			);
		};
/* End PBXProject section */

/* Begin PBXResourcesBuildPhase section */
		4F9B9E8F2630CA7D0083DE7B /* Resources */ = {
			isa = PBXResourcesBuildPhase;
			buildActionMask = 2147483647;
			files = (
				4F9A58222631F2D2008BC647 /* index.html in Resources */,
				4F9B9E9C2630CA7F0083DE7B /* Preview Assets.xcassets in Resources */,
				4F9B9E992630CA7F0083DE7B /* Assets.xcassets in Resources */,
			);
			runOnlyForDeploymentPostprocessing = 0;
		};
		4F9B9EA02630CA7F0083DE7B /* Resources */ = {
			isa = PBXResourcesBuildPhase;
			buildActionMask = 2147483647;
			files = (
				4F9A58232631F2D2008BC647 /* index.html in Resources */,
			);
			runOnlyForDeploymentPostprocessing = 0;
		};
		4F9B9EAB2630CA7F0083DE7B /* Resources */ = {
			isa = PBXResourcesBuildPhase;
			buildActionMask = 2147483647;
			files = (
				4F9A58242631F2D2008BC647 /* index.html in Resources */,
			);
			runOnlyForDeploymentPostprocessing = 0;
		};
/* End PBXResourcesBuildPhase section */

/* Begin PBXShellScriptBuildPhase section */
		118A8AF3B4F6855F6D42D2E0 /* [CP] Embed Pods Frameworks */ = {
			isa = PBXShellScriptBuildPhase;
			buildActionMask = 2147483647;
			files = (
			);
			inputFileListPaths = (
				"${PODS_ROOT}/Target Support Files/Pods-WebView-WebViewUITests/Pods-WebView-WebViewUITests-frameworks-${CONFIGURATION}-input-files.xcfilelist",
			);
			name = "[CP] Embed Pods Frameworks";
			outputFileListPaths = (
				"${PODS_ROOT}/Target Support Files/Pods-WebView-WebViewUITests/Pods-WebView-WebViewUITests-frameworks-${CONFIGURATION}-output-files.xcfilelist",
			);
			runOnlyForDeploymentPostprocessing = 0;
			shellPath = /bin/sh;
			shellScript = "\"${PODS_ROOT}/Target Support Files/Pods-WebView-WebViewUITests/Pods-WebView-WebViewUITests-frameworks.sh\"\n";
			showEnvVarsInLog = 0;
		};
		410B91442C2E8A85B115A97B /* [CP] Check Pods Manifest.lock */ = {
			isa = PBXShellScriptBuildPhase;
			buildActionMask = 2147483647;
			files = (
			);
			inputFileListPaths = (
			);
			inputPaths = (
				"${PODS_PODFILE_DIR_PATH}/Podfile.lock",
				"${PODS_ROOT}/Manifest.lock",
			);
			name = "[CP] Check Pods Manifest.lock";
			outputFileListPaths = (
			);
			outputPaths = (
				"$(DERIVED_FILE_DIR)/Pods-WebViewTests-checkManifestLockResult.txt",
			);
			runOnlyForDeploymentPostprocessing = 0;
			shellPath = /bin/sh;
			shellScript = "diff \"${PODS_PODFILE_DIR_PATH}/Podfile.lock\" \"${PODS_ROOT}/Manifest.lock\" > /dev/null\nif [ $? != 0 ] ; then\n    # print error to STDERR\n    echo \"error: The sandbox is not in sync with the Podfile.lock. Run 'pod install' or update your CocoaPods installation.\" >&2\n    exit 1\nfi\n# This output is used by Xcode 'outputs' to avoid re-running this script phase.\necho \"SUCCESS\" > \"${SCRIPT_OUTPUT_FILE_0}\"\n";
			showEnvVarsInLog = 0;
		};
		86A841C32D766E491D9D7AE7 /* [CP] Check Pods Manifest.lock */ = {
			isa = PBXShellScriptBuildPhase;
			buildActionMask = 2147483647;
			files = (
			);
			inputFileListPaths = (
			);
			inputPaths = (
				"${PODS_PODFILE_DIR_PATH}/Podfile.lock",
				"${PODS_ROOT}/Manifest.lock",
			);
			name = "[CP] Check Pods Manifest.lock";
			outputFileListPaths = (
			);
			outputPaths = (
				"$(DERIVED_FILE_DIR)/Pods-WebView-checkManifestLockResult.txt",
			);
			runOnlyForDeploymentPostprocessing = 0;
			shellPath = /bin/sh;
			shellScript = "diff \"${PODS_PODFILE_DIR_PATH}/Podfile.lock\" \"${PODS_ROOT}/Manifest.lock\" > /dev/null\nif [ $? != 0 ] ; then\n    # print error to STDERR\n    echo \"error: The sandbox is not in sync with the Podfile.lock. Run 'pod install' or update your CocoaPods installation.\" >&2\n    exit 1\nfi\n# This output is used by Xcode 'outputs' to avoid re-running this script phase.\necho \"SUCCESS\" > \"${SCRIPT_OUTPUT_FILE_0}\"\n";
			showEnvVarsInLog = 0;
		};
		9BF72F8BB9FB39E719FCA279 /* [CP] Embed Pods Frameworks */ = {
			isa = PBXShellScriptBuildPhase;
			buildActionMask = 2147483647;
			files = (
			);
			inputFileListPaths = (
				"${PODS_ROOT}/Target Support Files/Pods-WebView/Pods-WebView-frameworks-${CONFIGURATION}-input-files.xcfilelist",
			);
			name = "[CP] Embed Pods Frameworks";
			outputFileListPaths = (
				"${PODS_ROOT}/Target Support Files/Pods-WebView/Pods-WebView-frameworks-${CONFIGURATION}-output-files.xcfilelist",
			);
			runOnlyForDeploymentPostprocessing = 0;
			shellPath = /bin/sh;
			shellScript = "\"${PODS_ROOT}/Target Support Files/Pods-WebView/Pods-WebView-frameworks.sh\"\n";
			showEnvVarsInLog = 0;
		};
		F10F92A10191F94E6324A86E /* [CP] Check Pods Manifest.lock */ = {
			isa = PBXShellScriptBuildPhase;
			buildActionMask = 2147483647;
			files = (
			);
			inputFileListPaths = (
			);
			inputPaths = (
				"${PODS_PODFILE_DIR_PATH}/Podfile.lock",
				"${PODS_ROOT}/Manifest.lock",
			);
			name = "[CP] Check Pods Manifest.lock";
			outputFileListPaths = (
			);
			outputPaths = (
				"$(DERIVED_FILE_DIR)/Pods-WebView-WebViewUITests-checkManifestLockResult.txt",
			);
			runOnlyForDeploymentPostprocessing = 0;
			shellPath = /bin/sh;
			shellScript = "diff \"${PODS_PODFILE_DIR_PATH}/Podfile.lock\" \"${PODS_ROOT}/Manifest.lock\" > /dev/null\nif [ $? != 0 ] ; then\n    # print error to STDERR\n    echo \"error: The sandbox is not in sync with the Podfile.lock. Run 'pod install' or update your CocoaPods installation.\" >&2\n    exit 1\nfi\n# This output is used by Xcode 'outputs' to avoid re-running this script phase.\necho \"SUCCESS\" > \"${SCRIPT_OUTPUT_FILE_0}\"\n";
			showEnvVarsInLog = 0;
		};
/* End PBXShellScriptBuildPhase section */

/* Begin PBXSourcesBuildPhase section */
		4F9B9E8D2630CA7D0083DE7B /* Sources */ = {
			isa = PBXSourcesBuildPhase;
			buildActionMask = 2147483647;
			files = (
				4F9B9E972630CA7D0083DE7B /* ContentView.swift in Sources */,
				4F9B9E952630CA7D0083DE7B /* WebViewApp.swift in Sources */,
			);
			runOnlyForDeploymentPostprocessing = 0;
		};
		4F9B9E9E2630CA7F0083DE7B /* Sources */ = {
			isa = PBXSourcesBuildPhase;
			buildActionMask = 2147483647;
			files = (
				4F9B9EA72630CA7F0083DE7B /* WebViewTests.swift in Sources */,
			);
			runOnlyForDeploymentPostprocessing = 0;
		};
		4F9B9EA92630CA7F0083DE7B /* Sources */ = {
			isa = PBXSourcesBuildPhase;
			buildActionMask = 2147483647;
			files = (
				4F9B9EB22630CA7F0083DE7B /* WebViewUITests.swift in Sources */,
			);
			runOnlyForDeploymentPostprocessing = 0;
		};
/* End PBXSourcesBuildPhase section */

/* Begin PBXTargetDependency section */
		4F9B9EA42630CA7F0083DE7B /* PBXTargetDependency */ = {
			isa = PBXTargetDependency;
			target = 4F9B9E902630CA7D0083DE7B /* WebView */;
			targetProxy = 4F9B9EA32630CA7F0083DE7B /* PBXContainerItemProxy */;
		};
		4F9B9EAF2630CA7F0083DE7B /* PBXTargetDependency */ = {
			isa = PBXTargetDependency;
			target = 4F9B9E902630CA7D0083DE7B /* WebView */;
			targetProxy = 4F9B9EAE2630CA7F0083DE7B /* PBXContainerItemProxy */;
		};
/* End PBXTargetDependency section */

/* Begin XCBuildConfiguration section */
		4F9B9EB42630CA7F0083DE7B /* Debug */ = {
			isa = XCBuildConfiguration;
			buildSettings = {
				ALWAYS_SEARCH_USER_PATHS = NO;
				CLANG_ANALYZER_NONNULL = YES;
				CLANG_ANALYZER_NUMBER_OBJECT_CONVERSION = YES_AGGRESSIVE;
				CLANG_CXX_LANGUAGE_STANDARD = "gnu++14";
				CLANG_CXX_LIBRARY = "libc++";
				CLANG_ENABLE_MODULES = YES;
				CLANG_ENABLE_OBJC_ARC = YES;
				CLANG_ENABLE_OBJC_WEAK = YES;
				CLANG_WARN_BLOCK_CAPTURE_AUTORELEASING = YES;
				CLANG_WARN_BOOL_CONVERSION = YES;
				CLANG_WARN_COMMA = YES;
				CLANG_WARN_CONSTANT_CONVERSION = YES;
				CLANG_WARN_DEPRECATED_OBJC_IMPLEMENTATIONS = YES;
				CLANG_WARN_DIRECT_OBJC_ISA_USAGE = YES_ERROR;
				CLANG_WARN_DOCUMENTATION_COMMENTS = YES;
				CLANG_WARN_EMPTY_BODY = YES;
				CLANG_WARN_ENUM_CONVERSION = YES;
				CLANG_WARN_INFINITE_RECURSION = YES;
				CLANG_WARN_INT_CONVERSION = YES;
				CLANG_WARN_NON_LITERAL_NULL_CONVERSION = YES;
				CLANG_WARN_OBJC_IMPLICIT_RETAIN_SELF = YES;
				CLANG_WARN_OBJC_LITERAL_CONVERSION = YES;
				CLANG_WARN_OBJC_ROOT_CLASS = YES_ERROR;
				CLANG_WARN_QUOTED_INCLUDE_IN_FRAMEWORK_HEADER = YES;
				CLANG_WARN_RANGE_LOOP_ANALYSIS = YES;
				CLANG_WARN_STRICT_PROTOTYPES = YES;
				CLANG_WARN_SUSPICIOUS_MOVE = YES;
				CLANG_WARN_UNGUARDED_AVAILABILITY = YES_AGGRESSIVE;
				CLANG_WARN_UNREACHABLE_CODE = YES;
				CLANG_WARN__DUPLICATE_METHOD_MATCH = YES;
				COPY_PHASE_STRIP = NO;
				DEBUG_INFORMATION_FORMAT = dwarf;
				ENABLE_STRICT_OBJC_MSGSEND = YES;
				ENABLE_TESTABILITY = YES;
				GCC_C_LANGUAGE_STANDARD = gnu11;
				GCC_DYNAMIC_NO_PIC = NO;
				GCC_NO_COMMON_BLOCKS = YES;
				GCC_OPTIMIZATION_LEVEL = 0;
				GCC_PREPROCESSOR_DEFINITIONS = (
					"DEBUG=1",
					"$(inherited)",
				);
				GCC_WARN_64_TO_32_BIT_CONVERSION = YES;
				GCC_WARN_ABOUT_RETURN_TYPE = YES_ERROR;
				GCC_WARN_UNDECLARED_SELECTOR = YES;
				GCC_WARN_UNINITIALIZED_AUTOS = YES_AGGRESSIVE;
				GCC_WARN_UNUSED_FUNCTION = YES;
				GCC_WARN_UNUSED_VARIABLE = YES;
				IPHONEOS_DEPLOYMENT_TARGET = 14.5;
				MTL_ENABLE_DEBUG_INFO = INCLUDE_SOURCE;
				MTL_FAST_MATH = YES;
				ONLY_ACTIVE_ARCH = YES;
				SDKROOT = iphoneos;
				SWIFT_ACTIVE_COMPILATION_CONDITIONS = DEBUG;
				SWIFT_OPTIMIZATION_LEVEL = "-Onone";
			};
			name = Debug;
		};
		4F9B9EB52630CA7F0083DE7B /* Release */ = {
			isa = XCBuildConfiguration;
			buildSettings = {
				ALWAYS_SEARCH_USER_PATHS = NO;
				CLANG_ANALYZER_NONNULL = YES;
				CLANG_ANALYZER_NUMBER_OBJECT_CONVERSION = YES_AGGRESSIVE;
				CLANG_CXX_LANGUAGE_STANDARD = "gnu++14";
				CLANG_CXX_LIBRARY = "libc++";
				CLANG_ENABLE_MODULES = YES;
				CLANG_ENABLE_OBJC_ARC = YES;
				CLANG_ENABLE_OBJC_WEAK = YES;
				CLANG_WARN_BLOCK_CAPTURE_AUTORELEASING = YES;
				CLANG_WARN_BOOL_CONVERSION = YES;
				CLANG_WARN_COMMA = YES;
				CLANG_WARN_CONSTANT_CONVERSION = YES;
				CLANG_WARN_DEPRECATED_OBJC_IMPLEMENTATIONS = YES;
				CLANG_WARN_DIRECT_OBJC_ISA_USAGE = YES_ERROR;
				CLANG_WARN_DOCUMENTATION_COMMENTS = YES;
				CLANG_WARN_EMPTY_BODY = YES;
				CLANG_WARN_ENUM_CONVERSION = YES;
				CLANG_WARN_INFINITE_RECURSION = YES;
				CLANG_WARN_INT_CONVERSION = YES;
				CLANG_WARN_NON_LITERAL_NULL_CONVERSION = YES;
				CLANG_WARN_OBJC_IMPLICIT_RETAIN_SELF = YES;
				CLANG_WARN_OBJC_LITERAL_CONVERSION = YES;
				CLANG_WARN_OBJC_ROOT_CLASS = YES_ERROR;
				CLANG_WARN_QUOTED_INCLUDE_IN_FRAMEWORK_HEADER = YES;
				CLANG_WARN_RANGE_LOOP_ANALYSIS = YES;
				CLANG_WARN_STRICT_PROTOTYPES = YES;
				CLANG_WARN_SUSPICIOUS_MOVE = YES;
				CLANG_WARN_UNGUARDED_AVAILABILITY = YES_AGGRESSIVE;
				CLANG_WARN_UNREACHABLE_CODE = YES;
				CLANG_WARN__DUPLICATE_METHOD_MATCH = YES;
				COPY_PHASE_STRIP = NO;
				DEBUG_INFORMATION_FORMAT = "dwarf-with-dsym";
				ENABLE_NS_ASSERTIONS = NO;
				ENABLE_STRICT_OBJC_MSGSEND = YES;
				GCC_C_LANGUAGE_STANDARD = gnu11;
				GCC_NO_COMMON_BLOCKS = YES;
				GCC_WARN_64_TO_32_BIT_CONVERSION = YES;
				GCC_WARN_ABOUT_RETURN_TYPE = YES_ERROR;
				GCC_WARN_UNDECLARED_SELECTOR = YES;
				GCC_WARN_UNINITIALIZED_AUTOS = YES_AGGRESSIVE;
				GCC_WARN_UNUSED_FUNCTION = YES;
				GCC_WARN_UNUSED_VARIABLE = YES;
				IPHONEOS_DEPLOYMENT_TARGET = 14.5;
				MTL_ENABLE_DEBUG_INFO = NO;
				MTL_FAST_MATH = YES;
				SDKROOT = iphoneos;
				SWIFT_COMPILATION_MODE = wholemodule;
				SWIFT_OPTIMIZATION_LEVEL = "-O";
				VALIDATE_PRODUCT = YES;
			};
			name = Release;
		};
		4F9B9EB72630CA7F0083DE7B /* Debug */ = {
			isa = XCBuildConfiguration;
			baseConfigurationReference = 96C6B72395DAFAB0F2BF44C1 /* Pods-WebView.debug.xcconfig */;
			buildSettings = {
				ASSETCATALOG_COMPILER_APPICON_NAME = AppIcon;
				ASSETCATALOG_COMPILER_GLOBAL_ACCENT_COLOR_NAME = AccentColor;
				CODE_SIGN_STYLE = Automatic;
				DEVELOPMENT_ASSET_PATHS = "\"WebView/Preview Content\"";
				DEVELOPMENT_TEAM = 853N2GGQ7T;
				ENABLE_PREVIEWS = YES;
				INFOPLIST_FILE = WebView/Info.plist;
				IPHONEOS_DEPLOYMENT_TARGET = 14.0;
				LD_RUNPATH_SEARCH_PATHS = (
					"$(inherited)",
					"@executable_path/Frameworks",
				);
				PRODUCT_BUNDLE_IDENTIFIER = Saasquatch.WebView;
				PRODUCT_NAME = "$(TARGET_NAME)";
				SWIFT_VERSION = 5.0;
				TARGETED_DEVICE_FAMILY = "1,2";
			};
			name = Debug;
		};
		4F9B9EB82630CA7F0083DE7B /* Release */ = {
			isa = XCBuildConfiguration;
			baseConfigurationReference = A11FB66A74406DF0CBBA085F /* Pods-WebView.release.xcconfig */;
			buildSettings = {
				ASSETCATALOG_COMPILER_APPICON_NAME = AppIcon;
				ASSETCATALOG_COMPILER_GLOBAL_ACCENT_COLOR_NAME = AccentColor;
				CODE_SIGN_STYLE = Automatic;
				DEVELOPMENT_ASSET_PATHS = "\"WebView/Preview Content\"";
				DEVELOPMENT_TEAM = 853N2GGQ7T;
				ENABLE_PREVIEWS = YES;
				INFOPLIST_FILE = WebView/Info.plist;
				IPHONEOS_DEPLOYMENT_TARGET = 14.0;
				LD_RUNPATH_SEARCH_PATHS = (
					"$(inherited)",
					"@executable_path/Frameworks",
				);
				PRODUCT_BUNDLE_IDENTIFIER = Saasquatch.WebView;
				PRODUCT_NAME = "$(TARGET_NAME)";
				SWIFT_VERSION = 5.0;
				TARGETED_DEVICE_FAMILY = "1,2";
			};
			name = Release;
		};
		4F9B9EBA2630CA7F0083DE7B /* Debug */ = {
			isa = XCBuildConfiguration;
			baseConfigurationReference = FEB1E64F7CE7B075C2083881 /* Pods-WebViewTests.debug.xcconfig */;
			buildSettings = {
				ALWAYS_EMBED_SWIFT_STANDARD_LIBRARIES = YES;
				BUNDLE_LOADER = "$(TEST_HOST)";
				CODE_SIGN_STYLE = Automatic;
				DEVELOPMENT_TEAM = 853N2GGQ7T;
				INFOPLIST_FILE = WebViewTests/Info.plist;
				IPHONEOS_DEPLOYMENT_TARGET = 14.0;
				LD_RUNPATH_SEARCH_PATHS = (
					"$(inherited)",
					"@executable_path/Frameworks",
					"@loader_path/Frameworks",
				);
				PRODUCT_BUNDLE_IDENTIFIER = Saasquatch.WebViewTests;
				PRODUCT_NAME = "$(TARGET_NAME)";
				SWIFT_VERSION = 5.0;
				TARGETED_DEVICE_FAMILY = "1,2";
				TEST_HOST = "$(BUILT_PRODUCTS_DIR)/WebView.app/WebView";
			};
			name = Debug;
		};
		4F9B9EBB2630CA7F0083DE7B /* Release */ = {
			isa = XCBuildConfiguration;
			baseConfigurationReference = D148FB1D145DD325A8617E53 /* Pods-WebViewTests.release.xcconfig */;
			buildSettings = {
				ALWAYS_EMBED_SWIFT_STANDARD_LIBRARIES = YES;
				BUNDLE_LOADER = "$(TEST_HOST)";
				CODE_SIGN_STYLE = Automatic;
				DEVELOPMENT_TEAM = 853N2GGQ7T;
				INFOPLIST_FILE = WebViewTests/Info.plist;
				IPHONEOS_DEPLOYMENT_TARGET = 14.0;
				LD_RUNPATH_SEARCH_PATHS = (
					"$(inherited)",
					"@executable_path/Frameworks",
					"@loader_path/Frameworks",
				);
				PRODUCT_BUNDLE_IDENTIFIER = Saasquatch.WebViewTests;
				PRODUCT_NAME = "$(TARGET_NAME)";
				SWIFT_VERSION = 5.0;
				TARGETED_DEVICE_FAMILY = "1,2";
				TEST_HOST = "$(BUILT_PRODUCTS_DIR)/WebView.app/WebView";
			};
			name = Release;
		};
		4F9B9EBD2630CA7F0083DE7B /* Debug */ = {
			isa = XCBuildConfiguration;
			baseConfigurationReference = 48F55F8F94E4735CF4D48BDF /* Pods-WebView-WebViewUITests.debug.xcconfig */;
			buildSettings = {
				ALWAYS_EMBED_SWIFT_STANDARD_LIBRARIES = YES;
				CODE_SIGN_STYLE = Automatic;
				DEVELOPMENT_TEAM = 853N2GGQ7T;
				INFOPLIST_FILE = WebViewUITests/Info.plist;
				LD_RUNPATH_SEARCH_PATHS = (
					"$(inherited)",
					"@executable_path/Frameworks",
					"@loader_path/Frameworks",
				);
				PRODUCT_BUNDLE_IDENTIFIER = Saasquatch.WebViewUITests;
				PRODUCT_NAME = "$(TARGET_NAME)";
				SWIFT_VERSION = 5.0;
				TARGETED_DEVICE_FAMILY = "1,2";
				TEST_TARGET_NAME = WebView;
			};
			name = Debug;
		};
		4F9B9EBE2630CA7F0083DE7B /* Release */ = {
			isa = XCBuildConfiguration;
			baseConfigurationReference = 09207ADA50E7C03CD7B7B59E /* Pods-WebView-WebViewUITests.release.xcconfig */;
			buildSettings = {
				ALWAYS_EMBED_SWIFT_STANDARD_LIBRARIES = YES;
				CODE_SIGN_STYLE = Automatic;
				DEVELOPMENT_TEAM = 853N2GGQ7T;
				INFOPLIST_FILE = WebViewUITests/Info.plist;
				LD_RUNPATH_SEARCH_PATHS = (
					"$(inherited)",
					"@executable_path/Frameworks",
					"@loader_path/Frameworks",
				);
				PRODUCT_BUNDLE_IDENTIFIER = Saasquatch.WebViewUITests;
				PRODUCT_NAME = "$(TARGET_NAME)";
				SWIFT_VERSION = 5.0;
				TARGETED_DEVICE_FAMILY = "1,2";
				TEST_TARGET_NAME = WebView;
			};
			name = Release;
		};
/* End XCBuildConfiguration section */

/* Begin XCConfigurationList section */
		4F9B9E8C2630CA7D0083DE7B /* Build configuration list for PBXProject "WebView" */ = {
			isa = XCConfigurationList;
			buildConfigurations = (
				4F9B9EB42630CA7F0083DE7B /* Debug */,
				4F9B9EB52630CA7F0083DE7B /* Release */,
			);
			defaultConfigurationIsVisible = 0;
			defaultConfigurationName = Release;
		};
		4F9B9EB62630CA7F0083DE7B /* Build configuration list for PBXNativeTarget "WebView" */ = {
			isa = XCConfigurationList;
			buildConfigurations = (
				4F9B9EB72630CA7F0083DE7B /* Debug */,
				4F9B9EB82630CA7F0083DE7B /* Release */,
			);
			defaultConfigurationIsVisible = 0;
			defaultConfigurationName = Release;
		};
		4F9B9EB92630CA7F0083DE7B /* Build configuration list for PBXNativeTarget "WebViewTests" */ = {
			isa = XCConfigurationList;
			buildConfigurations = (
				4F9B9EBA2630CA7F0083DE7B /* Debug */,
				4F9B9EBB2630CA7F0083DE7B /* Release */,
			);
			defaultConfigurationIsVisible = 0;
			defaultConfigurationName = Release;
		};
		4F9B9EBC2630CA7F0083DE7B /* Build configuration list for PBXNativeTarget "WebViewUITests" */ = {
			isa = XCConfigurationList;
			buildConfigurations = (
				4F9B9EBD2630CA7F0083DE7B /* Debug */,
				4F9B9EBE2630CA7F0083DE7B /* Release */,
			);
			defaultConfigurationIsVisible = 0;
			defaultConfigurationName = Release;
		};
/* End XCConfigurationList section */
	};
	rootObject = 4F9B9E892630CA7D0083DE7B /* Project object */;
}
