PODS:
  - FBSDKCoreKit (6.5.2):
    - FBSDKCoreKit/Basics (= 6.5.2)
    - FBSDKCoreKit/Core (= 6.5.2)
  - FBSDKCoreKit/Basics (6.5.2)
  - FBSDKCoreKit/Core (6.5.2):
    - FBSDKCoreKit/Basics
  - FBSDKCoreKit/Swift (6.5.2):
    - FBSDKCoreKit/Core
  - FBSDKShareKit/Share (6.5.2):
    - FBSDKCoreKit (~> 6.5.2)
  - FBSDKShareKit/Swift (6.5.2):
    - FBSDKCoreKit/Swift (~> 6.5.2)
    - FBSDKShareKit/Share
  - MaterialComponents/AnimationTiming (124.1.1)
  - MaterialComponents/Availability (124.1.1)
  - MaterialComponents/Buttons (124.1.1):
    - MaterialComponents/Elevation
    - MaterialComponents/Ink
    - MaterialComponents/private/Math
    - MaterialComponents/Ripple
    - MaterialComponents/ShadowElevations
    - MaterialComponents/ShadowLayer
    - MaterialComponents/ShapeLibrary
    - MaterialComponents/Shapes
    - MaterialComponents/Typography
    - MDFInternationalization
    - MDFTextAccessibility
  - MaterialComponents/Elevation (124.1.1):
    - MaterialComponents/Availability
    - MaterialComponents/private/Color
    - MaterialComponents/private/Math
  - MaterialComponents/Ink (124.1.1):
    - MaterialComponents/Availability
    - MaterialComponents/private/Color
    - MaterialComponents/private/Math
  - MaterialComponents/OverlayWindow (124.1.1):
    - MaterialComponents/Availability
    - MaterialComponents/private/Application
  - MaterialComponents/private/Application (124.1.1)
  - MaterialComponents/private/Color (124.1.1):
    - MaterialComponents/Availability
  - MaterialComponents/private/KeyboardWatcher (124.1.1):
    - MaterialComponents/private/Application
  - MaterialComponents/private/Math (124.1.1)
  - MaterialComponents/private/Overlay (124.1.1)
  - MaterialComponents/Ripple (124.1.1):
    - MaterialComponents/AnimationTiming
    - MaterialComponents/Availability
    - MaterialComponents/private/Color
    - MaterialComponents/private/Math
  - MaterialComponents/ShadowElevations (124.1.1)
  - MaterialComponents/ShadowLayer (124.1.1):
    - MaterialComponents/ShadowElevations
  - MaterialComponents/ShapeLibrary (124.1.1):
    - MaterialComponents/private/Math
    - MaterialComponents/Shapes
  - MaterialComponents/Shapes (124.1.1):
    - MaterialComponents/private/Color
    - MaterialComponents/private/Math
    - MaterialComponents/ShadowLayer
  - MaterialComponents/Snackbar (124.1.1):
    - MaterialComponents/AnimationTiming
    - MaterialComponents/Availability
    - MaterialComponents/Buttons
    - MaterialComponents/Elevation
    - MaterialComponents/OverlayWindow
    - MaterialComponents/private/Application
    - MaterialComponents/private/KeyboardWatcher
    - MaterialComponents/private/Math
    - MaterialComponents/private/Overlay
    - MaterialComponents/ShadowElevations
    - MaterialComponents/ShadowLayer
    - MaterialComponents/Typography
  - MaterialComponents/Typography (124.1.1):
    - MaterialComponents/private/Application
    - MaterialComponents/private/Math
    - MDFTextAccessibility
  - MDFInternationalization (2.0.0)
  - MDFTextAccessibility (2.0.1)

DEPENDENCIES:
  - FBSDKShareKit/Swift
  - MaterialComponents/Snackbar

SPEC REPOS:
  trunk:
    - FBSDKCoreKit
    - FBSDKShareKit
    - MaterialComponents
    - MDFInternationalization
    - MDFTextAccessibility

SPEC CHECKSUMS:
  FBSDKCoreKit: ada5c8a05188daefc9addb985c52b8a1b26da519
  FBSDKShareKit: d0538e2385480d8b2901468c80abcf22aeaf2abd
  MaterialComponents: b9f58f24bf74588a83b2dce05802a11aaed5257d
  MDFInternationalization: 010097556d6b09d2c4ea38e0820ea6d37be6a314
  MDFTextAccessibility: f4bb4cc2194286651b59a215fdeaa0e05dc90ba5

PODFILE CHECKSUM: 17f0e7fba1f78979f3594cde1534114ab5ce795c

COCOAPODS: 1.10.1
